
Microsoft Visual Studio Solution File, Format Version 12.00
# Visual Studio Version 16
VisualStudioVersion = 16.0.31729.503
MinimumVisualStudioVersion = 10.0.40219.1
Project("{FAE04EC0-301F-11D3-BF4B-00C04F79EFBC}") = "AppS79A.Android", "AppS79A.Android\AppS79A.Android.csproj", "{90CF2BB9-2F3E-4351-BB51-9C3C76411B09}"
EndProject
Project("{FAE04EC0-301F-11D3-BF4B-00C04F79EFBC}") = "AppS79A.iOS", "AppS79A.iOS\AppS79A.iOS.csproj", "{684D3491-A24F-40B3-930F-73F5DFE16B1A}"
EndProject
Project("{FAE04EC0-301F-11D3-BF4B-00C04F79EFBC}") = "AppS79A", "AppS79A\AppS79A.csproj", "{23E35348-9B5A-4C8C-91CB-ADA60469DBEE}"
EndProject
Global
	GlobalSection(SolutionConfigurationPlatforms) = preSolution
		Debug|Any CPU = Debug|Any CPU
		Debug|iPhone = Debug|iPhone
		Debug|iPhoneSimulator = Debug|iPhoneSimulator
		Release|Any CPU = Release|Any CPU
		Release|iPhone = Release|iPhone
		Release|iPhoneSimulator = Release|iPhoneSimulator
	EndGlobalSection
	GlobalSection(ProjectConfigurationPlatforms) = postSolution
		{90CF2BB9-2F3E-4351-BB51-9C3C76411B09}.Debug|Any CPU.ActiveCfg = Debug|Any CPU
		{90CF2BB9-2F3E-4351-BB51-9C3C76411B09}.Debug|Any CPU.Build.0 = Debug|Any CPU
		{90CF2BB9-2F3E-4351-BB51-9C3C76411B09}.Debug|Any CPU.Deploy.0 = Debug|Any CPU
		{90CF2BB9-2F3E-4351-BB51-9C3C76411B09}.Debug|iPhone.ActiveCfg = Debug|Any CPU
		{90CF2BB9-2F3E-4351-BB51-9C3C76411B09}.Debug|iPhone.Build.0 = Debug|Any CPU
		{90CF2BB9-2F3E-4351-BB51-9C3C76411B09}.Debug|iPhone.Deploy.0 = Debug|Any CPU
		{90CF2BB9-2F3E-4351-BB51-9C3C76411B09}.Debug|iPhoneSimulator.ActiveCfg = Debug|Any CPU
		{90CF2BB9-2F3E-4351-BB51-9C3C76411B09}.Debug|iPhoneSimulator.Build.0 = Debug|Any CPU
		{90CF2BB9-2F3E-4351-BB51-9C3C76411B09}.Debug|iPhoneSimulator.Deploy.0 = Debug|Any CPU
		{90CF2BB9-2F3E-4351-BB51-9C3C76411B09}.Release|Any CPU.ActiveCfg = Release|Any CPU
		{90CF2BB9-2F3E-4351-BB51-9C3C76411B09}.Release|Any CPU.Build.0 = Release|Any CPU
		{90CF2BB9-2F3E-4351-BB51-9C3C76411B09}.Release|Any CPU.Deploy.0 = Release|Any CPU
		{90CF2BB9-2F3E-4351-BB51-9C3C76411B09}.Release|iPhone.ActiveCfg = Release|Any CPU
		{90CF2BB9-2F3E-4351-BB51-9C3C76411B09}.Release|iPhone.Build.0 = Release|Any CPU
		{90CF2BB9-2F3E-4351-BB51-9C3C76411B09}.Release|iPhone.Deploy.0 = Release|Any CPU
		{90CF2BB9-2F3E-4351-BB51-9C3C76411B09}.Release|iPhoneSimulator.ActiveCfg = Release|Any CPU
		{90CF2BB9-2F3E-4351-BB51-9C3C76411B09}.Release|iPhoneSimulator.Build.0 = Release|Any CPU
		{90CF2BB9-2F3E-4351-BB51-9C3C76411B09}.Release|iPhoneSimulator.Deploy.0 = Release|Any CPU
		{684D3491-A24F-40B3-930F-73F5DFE16B1A}.Debug|Any CPU.ActiveCfg = Debug|iPhone
		{684D3491-A24F-40B3-930F-73F5DFE16B1A}.Debug|Any CPU.Build.0 = Debug|iPhone
		{684D3491-A24F-40B3-930F-73F5DFE16B1A}.Debug|Any CPU.Deploy.0 = Debug|iPhone
		{684D3491-A24F-40B3-930F-73F5DFE16B1A}.Debug|iPhone.ActiveCfg = Debug|iPhone
		{684D3491-A24F-40B3-930F-73F5DFE16B1A}.Debug|iPhone.Build.0 = Debug|iPhone
		{684D3491-A24F-40B3-930F-73F5DFE16B1A}.Debug|iPhone.Deploy.0 = Debug|iPhone
		{684D3491-A24F-40B3-930F-73F5DFE16B1A}.Debug|iPhoneSimulator.ActiveCfg = Debug|iPhoneSimulator
		{684D3491-A24F-40B3-930F-73F5DFE16B1A}.Debug|iPhoneSimulator.Build.0 = Debug|iPhoneSimulator
		{684D3491-A24F-40B3-930F-73F5DFE16B1A}.Debug|iPhoneSimulator.Deploy.0 = Debug|iPhoneSimulator
		{684D3491-A24F-40B3-930F-73F5DFE16B1A}.Release|Any CPU.ActiveCfg = Release|iPhoneSimulator
		{684D3491-A24F-40B3-930F-73F5DFE16B1A}.Release|Any CPU.Build.0 = Release|iPhoneSimulator
		{684D3491-A24F-40B3-930F-73F5DFE16B1A}.Release|Any CPU.Deploy.0 = Release|iPhoneSimulator
		{684D3491-A24F-40B3-930F-73F5DFE16B1A}.Release|iPhone.ActiveCfg = Release|iPhone
		{684D3491-A24F-40B3-930F-73F5DFE16B1A}.Release|iPhone.Build.0 = Release|iPhone
		{684D3491-A24F-40B3-930F-73F5DFE16B1A}.Release|iPhone.Deploy.0 = Release|iPhone
		{684D3491-A24F-40B3-930F-73F5DFE16B1A}.Release|iPhoneSimulator.ActiveCfg = Release|iPhoneSimulator
		{684D3491-A24F-40B3-930F-73F5DFE16B1A}.Release|iPhoneSimulator.Build.0 = Release|iPhoneSimulator
		{684D3491-A24F-40B3-930F-73F5DFE16B1A}.Release|iPhoneSimulator.Deploy.0 = Release|iPhoneSimulator
		{23E35348-9B5A-4C8C-91CB-ADA60469DBEE}.Debug|Any CPU.ActiveCfg = Debug|Any CPU
		{23E35348-9B5A-4C8C-91CB-ADA60469DBEE}.Debug|Any CPU.Build.0 = Debug|Any CPU
		{23E35348-9B5A-4C8C-91CB-ADA60469DBEE}.Debug|Any CPU.Deploy.0 = Debug|Any CPU
		{23E35348-9B5A-4C8C-91CB-ADA60469DBEE}.Debug|iPhone.ActiveCfg = Debug|Any CPU
		{23E35348-9B5A-4C8C-91CB-ADA60469DBEE}.Debug|iPhone.Build.0 = Debug|Any CPU
		{23E35348-9B5A-4C8C-91CB-ADA60469DBEE}.Debug|iPhone.Deploy.0 = Debug|Any CPU
		{23E35348-9B5A-4C8C-91CB-ADA60469DBEE}.Debug|iPhoneSimulator.ActiveCfg = Debug|Any CPU
		{23E35348-9B5A-4C8C-91CB-ADA60469DBEE}.Debug|iPhoneSimulator.Build.0 = Debug|Any CPU
		{23E35348-9B5A-4C8C-91CB-ADA60469DBEE}.Debug|iPhoneSimulator.Deploy.0 = Debug|Any CPU
		{23E35348-9B5A-4C8C-91CB-ADA60469DBEE}.Release|Any CPU.ActiveCfg = Release|Any CPU
		{23E35348-9B5A-4C8C-91CB-ADA60469DBEE}.Release|Any CPU.Build.0 = Release|Any CPU
		{23E35348-9B5A-4C8C-91CB-ADA60469DBEE}.Release|Any CPU.Deploy.0 = Release|Any CPU
		{23E35348-9B5A-4C8C-91CB-ADA60469DBEE}.Release|iPhone.ActiveCfg = Release|Any CPU
		{23E35348-9B5A-4C8C-91CB-ADA60469DBEE}.Release|iPhone.Build.0 = Release|Any CPU
		{23E35348-9B5A-4C8C-91CB-ADA60469DBEE}.Release|iPhone.Deploy.0 = Release|Any CPU
		{23E35348-9B5A-4C8C-91CB-ADA60469DBEE}.Release|iPhoneSimulator.ActiveCfg = Release|Any CPU
		{23E35348-9B5A-4C8C-91CB-ADA60469DBEE}.Release|iPhoneSimulator.Build.0 = Release|Any CPU
		{23E35348-9B5A-4C8C-91CB-ADA60469DBEE}.Release|iPhoneSimulator.Deploy.0 = Release|Any CPU
	EndGlobalSection
	GlobalSection(SolutionProperties) = preSolution
		HideSolutionNode = FALSE
	EndGlobalSection
	GlobalSection(ExtensibilityGlobals) = postSolution
		SolutionGuid = {96726D5F-0BCB-4235-88F9-277B87189785}
	EndGlobalSection
EndGlobal
